
Microsoft Visual Studio Solution File, Format Version 12.00
# Visual Studio Version 17
VisualStudioVersion = 17.14.36804.6
MinimumVisualStudioVersion = 10.0.40219.1
Project("{FAE04EC0-301F-11D3-BF4B-00C04F79EFBC}") = "ReminderTask", "ReminderTask.csproj", "{D5034EF5-8D1C-4325-8A8E-343E301CAECF}"
EndProject
Project("{FAE04EC0-301F-11D3-BF4B-00C04F79EFBC}") = "ReminderTask.Tests", "ReminderTask.Tests\ReminderTask.Tests.csproj", "{4F2FBE24-B983-4285-B069-C287E7295FC9}"
EndProject
Global
	GlobalSection(SolutionConfigurationPlatforms) = preSolution
		Debug|Any CPU = Debug|Any CPU
		Debug|x64 = Debug|x64
		Debug|x86 = Debug|x86
		Release|Any CPU = Release|Any CPU
		Release|x64 = Release|x64
		Release|x86 = Release|x86
	EndGlobalSection
	GlobalSection(ProjectConfigurationPlatforms) = postSolution
		{D5034EF5-8D1C-4325-8A8E-343E301CAECF}.Debug|Any CPU.ActiveCfg = Debug|Any CPU
		{D5034EF5-8D1C-4325-8A8E-343E301CAECF}.Debug|Any CPU.Build.0 = Debug|Any CPU
		{D5034EF5-8D1C-4325-8A8E-343E301CAECF}.Debug|x64.ActiveCfg = Debug|Any CPU
		{D5034EF5-8D1C-4325-8A8E-343E301CAECF}.Debug|x64.Build.0 = Debug|Any CPU
		{D5034EF5-8D1C-4325-8A8E-343E301CAECF}.Debug|x86.ActiveCfg = Debug|Any CPU
		{D5034EF5-8D1C-4325-8A8E-343E301CAECF}.Debug|x86.Build.0 = Debug|Any CPU
		{D5034EF5-8D1C-4325-8A8E-343E301CAECF}.Release|Any CPU.ActiveCfg = Release|Any CPU
		{D5034EF5-8D1C-4325-8A8E-343E301CAECF}.Release|Any CPU.Build.0 = Release|Any CPU
		{D5034EF5-8D1C-4325-8A8E-343E301CAECF}.Release|x64.ActiveCfg = Release|Any CPU
		{D5034EF5-8D1C-4325-8A8E-343E301CAECF}.Release|x64.Build.0 = Release|Any CPU
		{D5034EF5-8D1C-4325-8A8E-343E301CAECF}.Release|x86.ActiveCfg = Release|Any CPU
		{D5034EF5-8D1C-4325-8A8E-343E301CAECF}.Release|x86.Build.0 = Release|Any CPU
		{4F2FBE24-B983-4285-B069-C287E7295FC9}.Debug|Any CPU.ActiveCfg = Debug|Any CPU
		{4F2FBE24-B983-4285-B069-C287E7295FC9}.Debug|Any CPU.Build.0 = Debug|Any CPU
		{4F2FBE24-B983-4285-B069-C287E7295FC9}.Debug|x64.ActiveCfg = Debug|Any CPU
		{4F2FBE24-B983-4285-B069-C287E7295FC9}.Debug|x64.Build.0 = Debug|Any CPU
		{4F2FBE24-B983-4285-B069-C287E7295FC9}.Debug|x86.ActiveCfg = Debug|Any CPU
		{4F2FBE24-B983-4285-B069-C287E7295FC9}.Debug|x86.Build.0 = Debug|Any CPU
		{4F2FBE24-B983-4285-B069-C287E7295FC9}.Release|Any CPU.ActiveCfg = Release|Any CPU
		{4F2FBE24-B983-4285-B069-C287E7295FC9}.Release|Any CPU.Build.0 = Release|Any CPU
		{4F2FBE24-B983-4285-B069-C287E7295FC9}.Release|x64.ActiveCfg = Release|Any CPU
		{4F2FBE24-B983-4285-B069-C287E7295FC9}.Release|x64.Build.0 = Release|Any CPU
		{4F2FBE24-B983-4285-B069-C287E7295FC9}.Release|x86.ActiveCfg = Release|Any CPU
		{4F2FBE24-B983-4285-B069-C287E7295FC9}.Release|x86.Build.0 = Release|Any CPU
	EndGlobalSection
	GlobalSection(SolutionProperties) = preSolution
		HideSolutionNode = FALSE
	EndGlobalSection
	GlobalSection(ExtensibilityGlobals) = postSolution
		SolutionGuid = {3B7F905F-0912-4AE2-A3CC-9C2A99FA7A40}
	EndGlobalSection
EndGlobal
